<?xml version="1.0" encoding="UTF-8"?>
<Scheme
   version = "1.3">
   <BuildAction>
      <BuildActionEntries>
         <BuildActionEntry
            buildForRunning = "YES">
            <BuildableReference
               BuildableIdentifier = "primary"
               BlueprintIdentifier = "BCA8E19420F2DE78002CB30C"
               BuildableName = "BWSwiftProject.app"
               BlueprintName = "BWSwiftProject"
               ReferencedContainer = "container:BWSwiftProject.xcodeproj">
            </BuildableReference>
         </BuildActionEntry>
      </BuildActionEntries>
   </BuildAction>
   <LaunchAction
      useCustomWorkingDirectory = "NO"
      buildConfiguration = "Debug"
      allowLocationSimulation = "YES">
      <BuildableProductRunnable>
         <BuildableReference
            BuildableIdentifier = "primary"
            BlueprintIdentifier = "BCA8E19420F2DE78002CB30C"
            BuildableName = "BWSwiftProject.app"
            BlueprintName = "BWSwiftProject"
            ReferencedContainer = "container:BWSwiftProject.xcodeproj">
         </BuildableReference>
      </BuildableProductRunnable>
   </LaunchAction>
</Scheme>
